
Microsoft Visual Studio Solution File, Format Version 12.00
# Visual Studio 15
VisualStudioVersion = 15.0.28307.489
MinimumVisualStudioVersion = 10.0.40219.1
Project("{FAE04EC0-301F-11D3-BF4B-00C04F79EFBC}") = "WebAPI", "WebAPI\WebAPI.csproj", "{2FA42491-02A2-40D0-95EB-B45906F1FFFF}"
EndProject
Global
	GlobalSection(SolutionConfigurationPlatforms) = preSolution
		Debug|Any CPU = Debug|Any CPU
		Release|Any CPU = Release|Any CPU
	EndGlobalSection
	GlobalSection(ProjectConfigurationPlatforms) = postSolution
		{2FA42491-02A2-40D0-95EB-B45906F1FFFF}.Debug|Any CPU.ActiveCfg = Debug|Any CPU
		{2FA42491-02A2-40D0-95EB-B45906F1FFFF}.Debug|Any CPU.Build.0 = Debug|Any CPU
		{2FA42491-02A2-40D0-95EB-B45906F1FFFF}.Release|Any CPU.ActiveCfg = Release|Any CPU
		{2FA42491-02A2-40D0-95EB-B45906F1FFFF}.Release|Any CPU.Build.0 = Release|Any CPU
	EndGlobalSection
	GlobalSection(SolutionProperties) = preSolution
		HideSolutionNode = FALSE
	EndGlobalSection
	GlobalSection(ExtensibilityGlobals) = postSolution
		SolutionGuid = {9A72FBA6-C0C8-41C4-A306-02DD969E3E0C}
	EndGlobalSection
EndGlobal
